
Microsoft Visual Studio Solution File, Format Version 12.00
# Visual Studio 2012
Project("{8BC9CEB8-8B4A-11D0-8D11-00A0C91BC942}") = "EDEngine", "EDEngine.vcxproj", "{76A39BB2-9B84-4C65-98A5-654D86B86F2A}"
	ProjectSection(ProjectDependencies) = postProject
		{7E06E92C-537A-442B-9E4A-4761C84F8A1A} = {7E06E92C-537A-442B-9E4A-4761C84F8A1A}
	EndProjectSection
EndProject
Project("{8BC9CEB8-8B4A-11D0-8D11-00A0C91BC942}") = "libGUI", "..\..\..\cocos2d-x\cocos\ui\proj.win32\libGUI.vcxproj", "{7E06E92C-537A-442B-9E4A-4761C84F8A1A}"
EndProject
Global
	GlobalSection(SolutionConfigurationPlatforms) = preSolution
		Debug|Win32 = Debug|Win32
		Release|Win32 = Release|Win32
	EndGlobalSection
	GlobalSection(ProjectConfigurationPlatforms) = postSolution
		{76A39BB2-9B84-4C65-98A5-654D86B86F2A}.Debug|Win32.ActiveCfg = Debug|Win32
		{76A39BB2-9B84-4C65-98A5-654D86B86F2A}.Debug|Win32.Build.0 = Debug|Win32
		{76A39BB2-9B84-4C65-98A5-654D86B86F2A}.Release|Win32.ActiveCfg = Release|Win32
		{76A39BB2-9B84-4C65-98A5-654D86B86F2A}.Release|Win32.Build.0 = Release|Win32
		{7E06E92C-537A-442B-9E4A-4761C84F8A1A}.Debug|Win32.ActiveCfg = Debug|Win32
		{7E06E92C-537A-442B-9E4A-4761C84F8A1A}.Debug|Win32.Build.0 = Debug|Win32
		{7E06E92C-537A-442B-9E4A-4761C84F8A1A}.Release|Win32.ActiveCfg = Release|Win32
		{7E06E92C-537A-442B-9E4A-4761C84F8A1A}.Release|Win32.Build.0 = Release|Win32
	EndGlobalSection
	GlobalSection(SolutionProperties) = preSolution
		HideSolutionNode = FALSE
	EndGlobalSection
EndGlobal
