<?xml version="1.0" encoding="utf-8"?>
<Project ToolsVersion="4.0" xmlns="http://schemas.microsoft.com/developer/msbuild/2003">
  <ItemGroup>
    <Filter Include="win32">
      <UniqueIdentifier>{84a8ebd7-7cf0-47f6-b75e-d441df67da40}</UniqueIdentifier>
    </Filter>
    <Filter Include="Classes">
      <UniqueIdentifier>{bb6c862e-70e9-49d9-81b7-3829a6f50471}</UniqueIdentifier>
    </Filter>
    <Filter Include="resource">
      <UniqueIdentifier>{715254bc-d70b-4ec5-bf29-467dd3ace079}</UniqueIdentifier>
    </Filter>
    <Filter Include="Classes\ffmpeg">
      <UniqueIdentifier>{caf26593-4007-44ae-babc-82c7c8a1dab7}</UniqueIdentifier>
    </Filter>
    <Filter Include="Classes\live">
      <UniqueIdentifier>{94c4fcd5-2558-4fde-a1a9-471578cc4390}</UniqueIdentifier>
    </Filter>
    <Filter Include="Classes\lua">
      <UniqueIdentifier>{063a60de-3b1a-4610-90cd-3fde448e1b93}</UniqueIdentifier>
    </Filter>
    <Filter Include="Classes\lzmq">
      <UniqueIdentifier>{8716b176-51ae-4677-92dd-3d7f7a22e2b5}</UniqueIdentifier>
    </Filter>
  </ItemGroup>
  <ItemGroup>
    <ClCompile Include="main.cpp">
      <Filter>win32</Filter>
    </ClCompile>
    <ClCompile Include="..\Classes\AppDelegate.cpp">
      <Filter>Classes</Filter>
    </ClCompile>
    <ClCompile Include="..\Classes\Console.cpp">
      <Filter>Classes</Filter>
    </ClCompile>
    <ClCompile Include="FileOp.cpp">
      <Filter>Classes</Filter>
    </ClCompile>
    <ClCompile Include="..\Classes\AssetsManager.cpp">
      <Filter>Classes</Filter>
    </ClCompile>
    <ClCompile Include="..\Classes\Files.cpp">
      <Filter>Classes</Filter>
    </ClCompile>
    <ClCompile Include="..\Classes\MD5.cpp">
      <Filter>Classes</Filter>
    </ClCompile>
    <ClCompile Include="..\Classes\PlatformWnd32.cpp">
      <Filter>Classes</Filter>
    </ClCompile>
    <ClCompile Include="..\Classes\Platform.cpp">
      <Filter>Classes</Filter>
    </ClCompile>
    <ClCompile Include="..\Classes\IDF.cpp" />
    <ClCompile Include="..\Classes\RenderTextureEx.cpp" />
    <ClCompile Include="..\Classes\misc.cpp" />
    <ClCompile Include="..\Classes\acr.cpp">
      <Filter>Classes</Filter>
    </ClCompile>
    <ClCompile Include="..\Classes\lzmq\lzmq.c">
      <Filter>Classes\lzmq</Filter>
    </ClCompile>
    <ClCompile Include="..\Classes\lzmq\lzutils.c">
      <Filter>Classes\lzmq</Filter>
    </ClCompile>
    <ClCompile Include="..\Classes\lzmq\poller.c">
      <Filter>Classes\lzmq</Filter>
    </ClCompile>
    <ClCompile Include="..\Classes\lzmq\zcontext.c">
      <Filter>Classes\lzmq</Filter>
    </ClCompile>
    <ClCompile Include="..\Classes\lzmq\zerror.c">
      <Filter>Classes\lzmq</Filter>
    </ClCompile>
    <ClCompile Include="..\Classes\lzmq\zmsg.c">
      <Filter>Classes\lzmq</Filter>
    </ClCompile>
    <ClCompile Include="..\Classes\lzmq\zpoller.c">
      <Filter>Classes\lzmq</Filter>
    </ClCompile>
    <ClCompile Include="..\Classes\lzmq\zsocket.c">
      <Filter>Classes\lzmq</Filter>
    </ClCompile>
    <ClCompile Include="..\Classes\lzmq\ztimer.c">
      <Filter>Classes\lzmq</Filter>
    </ClCompile>
    <ClCompile Include="..\Classes\ff.cpp">
      <Filter>Classes\ffmpeg</Filter>
    </ClCompile>
    <ClCompile Include="..\Classes\ffmpeg.cpp">
      <Filter>Classes\ffmpeg</Filter>
    </ClCompile>
    <ClCompile Include="..\Classes\ffmpeg_opt.cpp">
      <Filter>Classes\ffmpeg</Filter>
    </ClCompile>
    <ClCompile Include="..\Classes\ffmpeg_filter.cpp">
      <Filter>Classes\ffmpeg</Filter>
    </ClCompile>
    <ClCompile Include="..\Classes\ffmpeg_cmd.cpp">
      <Filter>Classes\ffmpeg</Filter>
    </ClCompile>
    <ClCompile Include="..\Classes\FFVideo.cpp">
      <Filter>Classes\ffmpeg</Filter>
    </ClCompile>
    <ClCompile Include="..\Classes\cmdutils.cpp">
      <Filter>Classes\ffmpeg</Filter>
    </ClCompile>
    <ClCompile Include="..\Classes\SDL.cpp">
      <Filter>Classes\ffmpeg</Filter>
    </ClCompile>
    <ClCompile Include="..\Classes\SDLAudio.cpp">
      <Filter>Classes\ffmpeg</Filter>
    </ClCompile>
    <ClCompile Include="..\Classes\SDLAudio_mm.cpp">
      <Filter>Classes\ffmpeg</Filter>
    </ClCompile>
    <ClCompile Include="..\Classes\SDLAudioCVT.cpp">
      <Filter>Classes\ffmpeg</Filter>
    </ClCompile>
    <ClCompile Include="..\Classes\SDLAudioTypeCVT.cpp">
      <Filter>Classes\ffmpeg</Filter>
    </ClCompile>
    <ClCompile Include="..\Classes\SDLEvent.cpp">
      <Filter>Classes\ffmpeg</Filter>
    </ClCompile>
    <ClCompile Include="..\Classes\SDLOverlay.cpp">
      <Filter>Classes\ffmpeg</Filter>
    </ClCompile>
    <ClCompile Include="..\Classes\SDLSurface.cpp">
      <Filter>Classes\ffmpeg</Filter>
    </ClCompile>
    <ClCompile Include="..\Classes\SDLThread.cpp">
      <Filter>Classes\ffmpeg</Filter>
    </ClCompile>
    <ClCompile Include="..\Classes\SDLVideo.cpp">
      <Filter>Classes\ffmpeg</Filter>
    </ClCompile>
    <ClCompile Include="..\Classes\SDLWindow.cpp">
      <Filter>Classes\ffmpeg</Filter>
    </ClCompile>
    <ClCompile Include="..\Classes\live\cap_vfw.cpp">
      <Filter>Classes\live</Filter>
    </ClCompile>
    <ClCompile Include="..\Classes\live\ffdec.cpp">
      <Filter>Classes\live</Filter>
    </ClCompile>
    <ClCompile Include="..\Classes\live\ffenc.cpp">
      <Filter>Classes\live</Filter>
    </ClCompile>
    <ClCompile Include="..\Classes\live\ffraw.cpp">
      <Filter>Classes\live</Filter>
    </ClCompile>
    <ClCompile Include="..\Classes\live\live.cpp">
      <Filter>Classes\live</Filter>
    </ClCompile>
    <ClCompile Include="..\Classes\lua_ext.cpp">
      <Filter>Classes\lua</Filter>
    </ClCompile>
    <ClCompile Include="..\Classes\lua_ffmpeg.cpp">
      <Filter>Classes\lua</Filter>
    </ClCompile>
    <ClCompile Include="..\Classes\lua_json.cpp">
      <Filter>Classes\lua</Filter>
    </ClCompile>
    <ClCompile Include="..\Classes\lua_ljshell.cpp">
      <Filter>Classes\lua</Filter>
    </ClCompile>
    <ClCompile Include="..\Classes\lua_thread.cpp">
      <Filter>Classes\lua</Filter>
    </ClCompile>
    <ClCompile Include="..\Classes\lua_thread_curl.cpp">
      <Filter>Classes\lua</Filter>
    </ClCompile>
    <ClCompile Include="..\Classes\luaDebug.cpp">
      <Filter>Classes\lua</Filter>
    </ClCompile>
    <ClCompile Include="..\Classes\thread_curl.cpp">
      <Filter>Classes\lua</Filter>
    </ClCompile>
    <ClCompile Include="..\Classes\live\ffpreview.cpp">
      <Filter>Classes\live</Filter>
    </ClCompile>
    <ClCompile Include="..\Classes\live\campreview.cpp">
      <Filter>Classes\live</Filter>
    </ClCompile>
    <ClCompile Include="..\Classes\live\lua_campreview.cpp">
      <Filter>Classes\live</Filter>
    </ClCompile>
    <ClCompile Include="..\Classes\live\YUVSprite3.cpp">
      <Filter>Classes\live</Filter>
    </ClCompile>
    <ClCompile Include="..\Classes\live\movieview.cpp">
      <Filter>Classes\live</Filter>
    </ClCompile>
  </ItemGroup>
  <ItemGroup>
    <ClInclude Include="main.h">
      <Filter>win32</Filter>
    </ClInclude>
    <ClInclude Include="..\Classes\AppDelegate.h">
      <Filter>Classes</Filter>
    </ClInclude>
    <ClInclude Include="..\Classes\Console.h">
      <Filter>Classes</Filter>
    </ClInclude>
    <ClInclude Include="FileOp.h">
      <Filter>Classes</Filter>
    </ClInclude>
    <ClInclude Include="..\Classes\AssetsManager.h">
      <Filter>Classes</Filter>
    </ClInclude>
    <ClInclude Include="..\Classes\Files.h">
      <Filter>Classes</Filter>
    </ClInclude>
    <ClInclude Include="..\Classes\MD5.h">
      <Filter>Classes</Filter>
    </ClInclude>
    <ClInclude Include="..\Classes\Platform.h">
      <Filter>Classes</Filter>
    </ClInclude>
    <ClInclude Include="..\Classes\IDF.h" />
    <ClInclude Include="..\Classes\RenderTextureEx.h" />
    <ClInclude Include="..\Classes\misc.h" />
    <ClInclude Include="..\Classes\PlatformApple.h">
      <Filter>Classes</Filter>
    </ClInclude>
    <ClInclude Include="..\Classes\acr.h">
      <Filter>Classes</Filter>
    </ClInclude>
    <ClInclude Include="..\Classes\ff.h">
      <Filter>Classes\ffmpeg</Filter>
    </ClInclude>
    <ClInclude Include="..\Classes\ffdepends.h">
      <Filter>Classes\ffmpeg</Filter>
    </ClInclude>
    <ClInclude Include="..\Classes\SDLImp.h">
      <Filter>Classes\ffmpeg</Filter>
    </ClInclude>
    <ClInclude Include="..\Classes\luaDebug.h">
      <Filter>Classes\lua</Filter>
    </ClInclude>
    <ClInclude Include="..\Classes\lua_ext.h">
      <Filter>Classes\lua</Filter>
    </ClInclude>
    <ClInclude Include="..\Classes\lua_ljshell.h">
      <Filter>Classes\lua</Filter>
    </ClInclude>
    <ClInclude Include="..\Classes\lua_thread.h">
      <Filter>Classes\lua</Filter>
    </ClInclude>
    <ClInclude Include="..\Classes\lua_thread_curl.h">
      <Filter>Classes\lua</Filter>
    </ClInclude>
    <ClInclude Include="..\Classes\thread_curl.h">
      <Filter>Classes\lua</Filter>
    </ClInclude>
    <ClInclude Include="..\Classes\live\live.h">
      <Filter>Classes\live</Filter>
    </ClInclude>
    <ClInclude Include="..\Classes\live\ffraw.h">
      <Filter>Classes\live</Filter>
    </ClInclude>
    <ClInclude Include="..\Classes\live\ffmpeg_jni.h">
      <Filter>Classes\live</Filter>
    </ClInclude>
    <ClInclude Include="..\Classes\live\ffenc.h">
      <Filter>Classes\live</Filter>
    </ClInclude>
    <ClInclude Include="..\Classes\live\ffdec.h">
      <Filter>Classes\live</Filter>
    </ClInclude>
    <ClInclude Include="..\Classes\live\ffcommon.h">
      <Filter>Classes\live</Filter>
    </ClInclude>
    <ClInclude Include="..\Classes\live\cap.h">
      <Filter>Classes\live</Filter>
    </ClInclude>
    <ClInclude Include="..\Classes\live\ffpreview.h">
      <Filter>Classes\live</Filter>
    </ClInclude>
    <ClInclude Include="..\Classes\live\campreview.h">
      <Filter>Classes\live</Filter>
    </ClInclude>
    <ClInclude Include="..\Classes\live\lua_campreview.h">
      <Filter>Classes\live</Filter>
    </ClInclude>
    <ClInclude Include="..\Classes\live\YUVSprite3.h">
      <Filter>Classes\live</Filter>
    </ClInclude>
    <ClInclude Include="..\Classes\live\movieview.h">
      <Filter>Classes\live</Filter>
    </ClInclude>
  </ItemGroup>
  <ItemGroup>
    <ResourceCompile Include="game.rc">
      <Filter>resource</Filter>
    </ResourceCompile>
  </ItemGroup>
  <ItemGroup>
    <None Include="..\..\..\cocos2d-x\cocos\ui\proj.win32\libGUI.vcxproj" />
  </ItemGroup>
  <ItemGroup>
    <Image Include="res\game.ico" />
  </ItemGroup>
</Project>